
Microsoft Visual Studio Solution File, Format Version 12.00
# Visual Studio 15
VisualStudioVersion = 15.0.26403.7
MinimumVisualStudioVersion = 10.0.40219.1
Project("{2150E333-8FDC-42A3-9474-1A3956D46DE8}") = "Samples", "Samples", "{3EF642AB-53B8-4964-BB52-3C3477556154}"
EndProject
Project("{2150E333-8FDC-42A3-9474-1A3956D46DE8}") = "EventApi", "EventApi", "{CE4F7673-F9D8-4ED6-B4A0-630B93DC0668}"
EndProject
Project("{2150E333-8FDC-42A3-9474-1A3956D46DE8}") = ".nuget", ".nuget", "{A7656E1F-1D8A-464F-B393-6736B2A92022}"
	ProjectSection(SolutionItems) = preProject
		.nuget\NuGet.Config = .nuget\NuGet.Config
		.nuget\NuGet.exe = .nuget\NuGet.exe
		.nuget\NuGet.targets = .nuget\NuGet.targets
		.nuget\packages.config = .nuget\packages.config
	EndProjectSection
EndProject
Project("{9A19103F-16F7-4668-BE54-9A1E7A4F7556}") = "PactNet", "PactNet\PactNet.csproj", "{8544CB01-EB48-495C-906A-36E5E3F3F704}"
EndProject
Project("{FAE04EC0-301F-11D3-BF4B-00C04F79EFBC}") = "PactNet.Tests", "PactNet.Tests\PactNet.Tests.csproj", "{A4AA421F-70AE-4469-839F-72C0B5058614}"
EndProject
Global
	GlobalSection(SolutionConfigurationPlatforms) = preSolution
		Debug|Any CPU = Debug|Any CPU
		Release|Any CPU = Release|Any CPU
	EndGlobalSection
	GlobalSection(ProjectConfigurationPlatforms) = postSolution
		{8544CB01-EB48-495C-906A-36E5E3F3F704}.Debug|Any CPU.ActiveCfg = Debug|Any CPU
		{8544CB01-EB48-495C-906A-36E5E3F3F704}.Debug|Any CPU.Build.0 = Debug|Any CPU
		{8544CB01-EB48-495C-906A-36E5E3F3F704}.Release|Any CPU.ActiveCfg = Release|Any CPU
		{8544CB01-EB48-495C-906A-36E5E3F3F704}.Release|Any CPU.Build.0 = Release|Any CPU
		{A4AA421F-70AE-4469-839F-72C0B5058614}.Debug|Any CPU.ActiveCfg = Debug|Any CPU
		{A4AA421F-70AE-4469-839F-72C0B5058614}.Debug|Any CPU.Build.0 = Debug|Any CPU
		{A4AA421F-70AE-4469-839F-72C0B5058614}.Release|Any CPU.ActiveCfg = Release|Any CPU
		{A4AA421F-70AE-4469-839F-72C0B5058614}.Release|Any CPU.Build.0 = Release|Any CPU
	EndGlobalSection
	GlobalSection(SolutionProperties) = preSolution
		HideSolutionNode = FALSE
	EndGlobalSection
	GlobalSection(NestedProjects) = preSolution
		{CE4F7673-F9D8-4ED6-B4A0-630B93DC0668} = {3EF642AB-53B8-4964-BB52-3C3477556154}
	EndGlobalSection
EndGlobal
